
Microsoft Visual Studio Solution File, Format Version 12.00
# Visual Studio Version 16
VisualStudioVersion = 16.0.30804.86
MinimumVisualStudioVersion = 10.0.40219.1
Project("{FAE04EC0-301F-11D3-BF4B-00C04F79EFBC}") = "SalesWebMvc", "SalesWebMvc\SalesWebMvc.csproj", "{5ABF151F-3ACE-4079-9353-756B1CA04790}"
EndProject
Global
	GlobalSection(SolutionConfigurationPlatforms) = preSolution
		Debug|Any CPU = Debug|Any CPU
		Release|Any CPU = Release|Any CPU
	EndGlobalSection
	GlobalSection(ProjectConfigurationPlatforms) = postSolution
		{5ABF151F-3ACE-4079-9353-756B1CA04790}.Debug|Any CPU.ActiveCfg = Debug|Any CPU
		{5ABF151F-3ACE-4079-9353-756B1CA04790}.Debug|Any CPU.Build.0 = Debug|Any CPU
		{5ABF151F-3ACE-4079-9353-756B1CA04790}.Release|Any CPU.ActiveCfg = Release|Any CPU
		{5ABF151F-3ACE-4079-9353-756B1CA04790}.Release|Any CPU.Build.0 = Release|Any CPU
	EndGlobalSection
	GlobalSection(SolutionProperties) = preSolution
		HideSolutionNode = FALSE
	EndGlobalSection
	GlobalSection(ExtensibilityGlobals) = postSolution
		SolutionGuid = {1AD107A3-8AFE-45C2-8FB1-B6A9BA62B49D}
	EndGlobalSection
EndGlobal
